// !$*UTF8*$!
{
	archiveVersion = 1;
	classes = {
	};
	objectVersion = 48;
	objects = {

/* Begin PBXBuildFile section */
		DC7F541E1FBC2246005D0961 /* ZXChartUITests.swift in Sources */ = {isa = PBXBuildFile; fileRef = DC7F541D1FBC2246005D0961 /* ZXChartUITests.swift */; };
		DC7F54311FBC2B54005D0961 /* AppDelegate.swift in Sources */ = {isa = PBXBuildFile; fileRef = DC7F542E1FBC2B54005D0961 /* AppDelegate.swift */; };
		DC7F54321FBC2B54005D0961 /* Assets.xcassets in Resources */ = {isa = PBXBuildFile; fileRef = DC7F542F1FBC2B54005D0961 /* Assets.xcassets */; };
		DC7F54331FBC2B54005D0961 /* Info.plist in Resources */ = {isa = PBXBuildFile; fileRef = DC7F54301FBC2B54005D0961 /* Info.plist */; };
		DC7F54351FBC2C29005D0961 /* ZXChartViewController.swift in Sources */ = {isa = PBXBuildFile; fileRef = DC7F54341FBC2C29005D0961 /* ZXChartViewController.swift */; };
		DC7F54381FBC2CC2005D0961 /* ZXChartView.swift in Sources */ = {isa = PBXBuildFile; fileRef = DC7F54371FBC2CC2005D0961 /* ZXChartView.swift */; };
		DC7F543A1FBD7547005D0961 /* ZXChartModel.swift in Sources */ = {isa = PBXBuildFile; fileRef = DC7F54391FBD7547005D0961 /* ZXChartModel.swift */; };
/* End PBXBuildFile section */

/* Begin PBXContainerItemProxy section */
		DC7F541A1FBC2246005D0961 /* PBXContainerItemProxy */ = {
			isa = PBXContainerItemProxy;
			containerPortal = DC7F53FD1FBC2246005D0961 /* Project object */;
			proxyType = 1;
			remoteGlobalIDString = DC7F54041FBC2246005D0961;
			remoteInfo = ZXChart;
		};
/* End PBXContainerItemProxy section */

/* Begin PBXFileReference section */
		DC7F54051FBC2246005D0961 /* ZXChart.app */ = {isa = PBXFileReference; explicitFileType = wrapper.application; includeInIndex = 0; path = ZXChart.app; sourceTree = BUILT_PRODUCTS_DIR; };
		DC7F54191FBC2246005D0961 /* ZXChartUITests.xctest */ = {isa = PBXFileReference; explicitFileType = wrapper.cfbundle; includeInIndex = 0; path = ZXChartUITests.xctest; sourceTree = BUILT_PRODUCTS_DIR; };
		DC7F541D1FBC2246005D0961 /* ZXChartUITests.swift */ = {isa = PBXFileReference; lastKnownFileType = sourcecode.swift; path = ZXChartUITests.swift; sourceTree = "<group>"; };
		DC7F541F1FBC2247005D0961 /* Info.plist */ = {isa = PBXFileReference; lastKnownFileType = text.plist.xml; path = Info.plist; sourceTree = "<group>"; };
		DC7F542E1FBC2B54005D0961 /* AppDelegate.swift */ = {isa = PBXFileReference; fileEncoding = 4; lastKnownFileType = sourcecode.swift; path = AppDelegate.swift; sourceTree = "<group>"; };
		DC7F542F1FBC2B54005D0961 /* Assets.xcassets */ = {isa = PBXFileReference; lastKnownFileType = folder.assetcatalog; path = Assets.xcassets; sourceTree = "<group>"; };
		DC7F54301FBC2B54005D0961 /* Info.plist */ = {isa = PBXFileReference; fileEncoding = 4; lastKnownFileType = text.plist.xml; path = Info.plist; sourceTree = "<group>"; };
		DC7F54341FBC2C29005D0961 /* ZXChartViewController.swift */ = {isa = PBXFileReference; lastKnownFileType = sourcecode.swift; path = ZXChartViewController.swift; sourceTree = "<group>"; };
		DC7F54371FBC2CC2005D0961 /* ZXChartView.swift */ = {isa = PBXFileReference; lastKnownFileType = sourcecode.swift; path = ZXChartView.swift; sourceTree = "<group>"; };
		DC7F54391FBD7547005D0961 /* ZXChartModel.swift */ = {isa = PBXFileReference; lastKnownFileType = sourcecode.swift; path = ZXChartModel.swift; sourceTree = "<group>"; };
/* End PBXFileReference section */

/* Begin PBXFrameworksBuildPhase section */
		DC7F54021FBC2246005D0961 /* Frameworks */ = {
			isa = PBXFrameworksBuildPhase;
			buildActionMask = 2147483647;
			files = (
			);
			runOnlyForDeploymentPostprocessing = 0;
		};
		DC7F54161FBC2246005D0961 /* Frameworks */ = {
			isa = PBXFrameworksBuildPhase;
			buildActionMask = 2147483647;
			files = (
			);
			runOnlyForDeploymentPostprocessing = 0;
		};
/* End PBXFrameworksBuildPhase section */

/* Begin PBXGroup section */
		DC7F53FC1FBC2246005D0961 = {
			isa = PBXGroup;
			children = (
				DC7F54071FBC2246005D0961 /* ZXChart */,
				DC7F541C1FBC2246005D0961 /* ZXChartUITests */,
				DC7F54061FBC2246005D0961 /* Products */,
			);
			sourceTree = "<group>";
		};
		DC7F54061FBC2246005D0961 /* Products */ = {
			isa = PBXGroup;
			children = (
				DC7F54051FBC2246005D0961 /* ZXChart.app */,
				DC7F54191FBC2246005D0961 /* ZXChartUITests.xctest */,
			);
			name = Products;
			sourceTree = "<group>";
		};
		DC7F54071FBC2246005D0961 /* ZXChart */ = {
			isa = PBXGroup;
			children = (
				DC7F54361FBC2C4C005D0961 /* ChartView */,
				DC7F542D1FBC2B54005D0961 /* Supporting Files */,
				DC7F54341FBC2C29005D0961 /* ZXChartViewController.swift */,
			);
			path = ZXChart;
			sourceTree = "<group>";
		};
		DC7F541C1FBC2246005D0961 /* ZXChartUITests */ = {
			isa = PBXGroup;
			children = (
				DC7F541D1FBC2246005D0961 /* ZXChartUITests.swift */,
				DC7F541F1FBC2247005D0961 /* Info.plist */,
			);
			path = ZXChartUITests;
			sourceTree = "<group>";
		};
		DC7F542D1FBC2B54005D0961 /* Supporting Files */ = {
			isa = PBXGroup;
			children = (
				DC7F542E1FBC2B54005D0961 /* AppDelegate.swift */,
				DC7F542F1FBC2B54005D0961 /* Assets.xcassets */,
				DC7F54301FBC2B54005D0961 /* Info.plist */,
			);
			path = "Supporting Files";
			sourceTree = "<group>";
		};
		DC7F54361FBC2C4C005D0961 /* ChartView */ = {
			isa = PBXGroup;
			children = (
				DC7F54371FBC2CC2005D0961 /* ZXChartView.swift */,
				DC7F54391FBD7547005D0961 /* ZXChartModel.swift */,
			);
			path = ChartView;
			sourceTree = "<group>";
		};
/* End PBXGroup section */

/* Begin PBXNativeTarget section */
		DC7F54041FBC2246005D0961 /* ZXChart */ = {
			isa = PBXNativeTarget;
			buildConfigurationList = DC7F54221FBC2247005D0961 /* Build configuration list for PBXNativeTarget "ZXChart" */;
			buildPhases = (
				DC7F54011FBC2246005D0961 /* Sources */,
				DC7F54021FBC2246005D0961 /* Frameworks */,
				DC7F54031FBC2246005D0961 /* Resources */,
			);
			buildRules = (
			);
			dependencies = (
			);
			name = ZXChart;
			productName = ZXChart;
			productReference = DC7F54051FBC2246005D0961 /* ZXChart.app */;
			productType = "com.apple.product-type.application";
		};
		DC7F54181FBC2246005D0961 /* ZXChartUITests */ = {
			isa = PBXNativeTarget;
			buildConfigurationList = DC7F54251FBC2247005D0961 /* Build configuration list for PBXNativeTarget "ZXChartUITests" */;
			buildPhases = (
				DC7F54151FBC2246005D0961 /* Sources */,
				DC7F54161FBC2246005D0961 /* Frameworks */,
				DC7F54171FBC2246005D0961 /* Resources */,
			);
			buildRules = (
			);
			dependencies = (
				DC7F541B1FBC2246005D0961 /* PBXTargetDependency */,
			);
			name = ZXChartUITests;
			productName = ZXChartUITests;
			productReference = DC7F54191FBC2246005D0961 /* ZXChartUITests.xctest */;
			productType = "com.apple.product-type.bundle.ui-testing";
		};
/* End PBXNativeTarget section */

/* Begin PBXProject section */
		DC7F53FD1FBC2246005D0961 /* Project object */ = {
			isa = PBXProject;
			attributes = {
				LastSwiftUpdateCheck = 0910;
				LastUpgradeCheck = 0910;
				ORGANIZATIONNAME = zhaoxin;
				TargetAttributes = {
					DC7F54041FBC2246005D0961 = {
						CreatedOnToolsVersion = 9.1;
						ProvisioningStyle = Automatic;
					};
					DC7F54181FBC2246005D0961 = {
						CreatedOnToolsVersion = 9.1;
						ProvisioningStyle = Automatic;
						TestTargetID = DC7F54041FBC2246005D0961;
					};
				};
			};
			buildConfigurationList = DC7F54001FBC2246005D0961 /* Build configuration list for PBXProject "ZXChart" */;
			compatibilityVersion = "Xcode 8.0";
			developmentRegion = en;
			hasScannedForEncodings = 0;
			knownRegions = (
				en,
				Base,
			);
			mainGroup = DC7F53FC1FBC2246005D0961;
			productRefGroup = DC7F54061FBC2246005D0961 /* Products */;
			projectDirPath = "";
			projectRoot = "";
			targets = (
				DC7F54041FBC2246005D0961 /* ZXChart */,
				DC7F54181FBC2246005D0961 /* ZXChartUITests */,
			);
		};
/* End PBXProject section */

/* Begin PBXResourcesBuildPhase section */
		DC7F54031FBC2246005D0961 /* Resources */ = {
			isa = PBXResourcesBuildPhase;
			buildActionMask = 2147483647;
			files = (
				DC7F54331FBC2B54005D0961 /* Info.plist in Resources */,
				DC7F54321FBC2B54005D0961 /* Assets.xcassets in Resources */,
			);
			runOnlyForDeploymentPostprocessing = 0;
		};
		DC7F54171FBC2246005D0961 /* Resources */ = {
			isa = PBXResourcesBuildPhase;
			buildActionMask = 2147483647;
			files = (
			);
			runOnlyForDeploymentPostprocessing = 0;
		};
/* End PBXResourcesBuildPhase section */

/* Begin PBXSourcesBuildPhase section */
		DC7F54011FBC2246005D0961 /* Sources */ = {
			isa = PBXSourcesBuildPhase;
			buildActionMask = 2147483647;
			files = (
				DC7F54311FBC2B54005D0961 /* AppDelegate.swift in Sources */,
				DC7F54351FBC2C29005D0961 /* ZXChartViewController.swift in Sources */,
				DC7F543A1FBD7547005D0961 /* ZXChartModel.swift in Sources */,
				DC7F54381FBC2CC2005D0961 /* ZXChartView.swift in Sources */,
			);
			runOnlyForDeploymentPostprocessing = 0;
		};
		DC7F54151FBC2246005D0961 /* Sources */ = {
			isa = PBXSourcesBuildPhase;
			buildActionMask = 2147483647;
			files = (
				DC7F541E1FBC2246005D0961 /* ZXChartUITests.swift in Sources */,
			);
			runOnlyForDeploymentPostprocessing = 0;
		};
/* End PBXSourcesBuildPhase section */

/* Begin PBXTargetDependency section */
		DC7F541B1FBC2246005D0961 /* PBXTargetDependency */ = {
			isa = PBXTargetDependency;
			target = DC7F54041FBC2246005D0961 /* ZXChart */;
			targetProxy = DC7F541A1FBC2246005D0961 /* PBXContainerItemProxy */;
		};
/* End PBXTargetDependency section */

/* Begin XCBuildConfiguration section */
		DC7F54201FBC2247005D0961 /* Debug */ = {
			isa = XCBuildConfiguration;
			buildSettings = {
				ALWAYS_SEARCH_USER_PATHS = NO;
				CLANG_ANALYZER_NONNULL = YES;
				CLANG_ANALYZER_NUMBER_OBJECT_CONVERSION = YES_AGGRESSIVE;
				CLANG_CXX_LANGUAGE_STANDARD = "gnu++14";
				CLANG_CXX_LIBRARY = "libc++";
				CLANG_ENABLE_MODULES = YES;
				CLANG_ENABLE_OBJC_ARC = YES;
				CLANG_WARN_BLOCK_CAPTURE_AUTORELEASING = YES;
				CLANG_WARN_BOOL_CONVERSION = YES;
				CLANG_WARN_COMMA = YES;
				CLANG_WARN_CONSTANT_CONVERSION = YES;
				CLANG_WARN_DIRECT_OBJC_ISA_USAGE = YES_ERROR;
				CLANG_WARN_DOCUMENTATION_COMMENTS = YES;
				CLANG_WARN_EMPTY_BODY = YES;
				CLANG_WARN_ENUM_CONVERSION = YES;
				CLANG_WARN_INFINITE_RECURSION = YES;
				CLANG_WARN_INT_CONVERSION = YES;
				CLANG_WARN_NON_LITERAL_NULL_CONVERSION = YES;
				CLANG_WARN_OBJC_LITERAL_CONVERSION = YES;
				CLANG_WARN_OBJC_ROOT_CLASS = YES_ERROR;
				CLANG_WARN_RANGE_LOOP_ANALYSIS = YES;
				CLANG_WARN_STRICT_PROTOTYPES = YES;
				CLANG_WARN_SUSPICIOUS_MOVE = YES;
				CLANG_WARN_UNGUARDED_AVAILABILITY = YES_AGGRESSIVE;
				CLANG_WARN_UNREACHABLE_CODE = YES;
				CLANG_WARN__DUPLICATE_METHOD_MATCH = YES;
				CODE_SIGN_IDENTITY = "iPhone Developer";
				COPY_PHASE_STRIP = NO;
				DEBUG_INFORMATION_FORMAT = dwarf;
				ENABLE_STRICT_OBJC_MSGSEND = YES;
				ENABLE_TESTABILITY = YES;
				GCC_C_LANGUAGE_STANDARD = gnu11;
				GCC_DYNAMIC_NO_PIC = NO;
				GCC_NO_COMMON_BLOCKS = YES;
				GCC_OPTIMIZATION_LEVEL = 0;
				GCC_PREPROCESSOR_DEFINITIONS = (
					"DEBUG=1",
					"$(inherited)",
				);
				GCC_WARN_64_TO_32_BIT_CONVERSION = YES;
				GCC_WARN_ABOUT_RETURN_TYPE = YES_ERROR;
				GCC_WARN_UNDECLARED_SELECTOR = YES;
				GCC_WARN_UNINITIALIZED_AUTOS = YES_AGGRESSIVE;
				GCC_WARN_UNUSED_FUNCTION = YES;
				GCC_WARN_UNUSED_VARIABLE = YES;
				IPHONEOS_DEPLOYMENT_TARGET = 11.1;
				MTL_ENABLE_DEBUG_INFO = YES;
				ONLY_ACTIVE_ARCH = YES;
				SDKROOT = iphoneos;
				SWIFT_ACTIVE_COMPILATION_CONDITIONS = DEBUG;
				SWIFT_OPTIMIZATION_LEVEL = "-Onone";
			};
			name = Debug;
		};
		DC7F54211FBC2247005D0961 /* Release */ = {
			isa = XCBuildConfiguration;
			buildSettings = {
				ALWAYS_SEARCH_USER_PATHS = NO;
				CLANG_ANALYZER_NONNULL = YES;
				CLANG_ANALYZER_NUMBER_OBJECT_CONVERSION = YES_AGGRESSIVE;
				CLANG_CXX_LANGUAGE_STANDARD = "gnu++14";
				CLANG_CXX_LIBRARY = "libc++";
				CLANG_ENABLE_MODULES = YES;
				CLANG_ENABLE_OBJC_ARC = YES;
				CLANG_WARN_BLOCK_CAPTURE_AUTORELEASING = YES;
				CLANG_WARN_BOOL_CONVERSION = YES;
				CLANG_WARN_COMMA = YES;
				CLANG_WARN_CONSTANT_CONVERSION = YES;
				CLANG_WARN_DIRECT_OBJC_ISA_USAGE = YES_ERROR;
				CLANG_WARN_DOCUMENTATION_COMMENTS = YES;
				CLANG_WARN_EMPTY_BODY = YES;
				CLANG_WARN_ENUM_CONVERSION = YES;
				CLANG_WARN_INFINITE_RECURSION = YES;
				CLANG_WARN_INT_CONVERSION = YES;
				CLANG_WARN_NON_LITERAL_NULL_CONVERSION = YES;
				CLANG_WARN_OBJC_LITERAL_CONVERSION = YES;
				CLANG_WARN_OBJC_ROOT_CLASS = YES_ERROR;
				CLANG_WARN_RANGE_LOOP_ANALYSIS = YES;
				CLANG_WARN_STRICT_PROTOTYPES = YES;
				CLANG_WARN_SUSPICIOUS_MOVE = YES;
				CLANG_WARN_UNGUARDED_AVAILABILITY = YES_AGGRESSIVE;
				CLANG_WARN_UNREACHABLE_CODE = YES;
				CLANG_WARN__DUPLICATE_METHOD_MATCH = YES;
				CODE_SIGN_IDENTITY = "iPhone Developer";
				COPY_PHASE_STRIP = NO;
				DEBUG_INFORMATION_FORMAT = "dwarf-with-dsym";
				ENABLE_NS_ASSERTIONS = NO;
				ENABLE_STRICT_OBJC_MSGSEND = YES;
				GCC_C_LANGUAGE_STANDARD = gnu11;
				GCC_NO_COMMON_BLOCKS = YES;
				GCC_WARN_64_TO_32_BIT_CONVERSION = YES;
				GCC_WARN_ABOUT_RETURN_TYPE = YES_ERROR;
				GCC_WARN_UNDECLARED_SELECTOR = YES;
				GCC_WARN_UNINITIALIZED_AUTOS = YES_AGGRESSIVE;
				GCC_WARN_UNUSED_FUNCTION = YES;
				GCC_WARN_UNUSED_VARIABLE = YES;
				IPHONEOS_DEPLOYMENT_TARGET = 11.1;
				MTL_ENABLE_DEBUG_INFO = NO;
				SDKROOT = iphoneos;
				SWIFT_OPTIMIZATION_LEVEL = "-Owholemodule";
				VALIDATE_PRODUCT = YES;
			};
			name = Release;
		};
		DC7F54231FBC2247005D0961 /* Debug */ = {
			isa = XCBuildConfiguration;
			buildSettings = {
				ASSETCATALOG_COMPILER_APPICON_NAME = AppIcon;
				ASSETCATALOG_COMPILER_LAUNCHIMAGE_NAME = LaunchImage;
				CODE_SIGN_STYLE = Automatic;
				DEVELOPMENT_TEAM = 3X7Q2W5F8J;
				INFOPLIST_FILE = "$(SRCROOT)/ZXChart/Supporting Files/Info.plist";
				IPHONEOS_DEPLOYMENT_TARGET = 8.0;
				LD_RUNPATH_SEARCH_PATHS = "$(inherited) @executable_path/Frameworks";
				PRODUCT_BUNDLE_IDENTIFIER = zhaoxin.ZXChart;
				PRODUCT_NAME = "$(TARGET_NAME)";
				SWIFT_VERSION = 4.0;
				TARGETED_DEVICE_FAMILY = "1,2";
			};
			name = Debug;
		};
		DC7F54241FBC2247005D0961 /* Release */ = {
			isa = XCBuildConfiguration;
			buildSettings = {
				ASSETCATALOG_COMPILER_APPICON_NAME = AppIcon;
				ASSETCATALOG_COMPILER_LAUNCHIMAGE_NAME = LaunchImage;
				CODE_SIGN_STYLE = Automatic;
				DEVELOPMENT_TEAM = 3X7Q2W5F8J;
				INFOPLIST_FILE = "$(SRCROOT)/ZXChart/Supporting Files/Info.plist";
				IPHONEOS_DEPLOYMENT_TARGET = 8.0;
				LD_RUNPATH_SEARCH_PATHS = "$(inherited) @executable_path/Frameworks";
				PRODUCT_BUNDLE_IDENTIFIER = zhaoxin.ZXChart;
				PRODUCT_NAME = "$(TARGET_NAME)";
				SWIFT_VERSION = 4.0;
				TARGETED_DEVICE_FAMILY = "1,2";
			};
			name = Release;
		};
		DC7F54261FBC2247005D0961 /* Debug */ = {
			isa = XCBuildConfiguration;
			buildSettings = {
				ALWAYS_EMBED_SWIFT_STANDARD_LIBRARIES = YES;
				CODE_SIGN_STYLE = Automatic;
				DEVELOPMENT_TEAM = 3X7Q2W5F8J;
				INFOPLIST_FILE = ZXChartUITests/Info.plist;
				LD_RUNPATH_SEARCH_PATHS = "$(inherited) @executable_path/Frameworks @loader_path/Frameworks";
				PRODUCT_BUNDLE_IDENTIFIER = zhaoxin.ZXChartUITests;
				PRODUCT_NAME = "$(TARGET_NAME)";
				SWIFT_VERSION = 4.0;
				TARGETED_DEVICE_FAMILY = "1,2";
				TEST_TARGET_NAME = ZXChart;
			};
			name = Debug;
		};
		DC7F54271FBC2247005D0961 /* Release */ = {
			isa = XCBuildConfiguration;
			buildSettings = {
				ALWAYS_EMBED_SWIFT_STANDARD_LIBRARIES = YES;
				CODE_SIGN_STYLE = Automatic;
				DEVELOPMENT_TEAM = 3X7Q2W5F8J;
				INFOPLIST_FILE = ZXChartUITests/Info.plist;
				LD_RUNPATH_SEARCH_PATHS = "$(inherited) @executable_path/Frameworks @loader_path/Frameworks";
				PRODUCT_BUNDLE_IDENTIFIER = zhaoxin.ZXChartUITests;
				PRODUCT_NAME = "$(TARGET_NAME)";
				SWIFT_VERSION = 4.0;
				TARGETED_DEVICE_FAMILY = "1,2";
				TEST_TARGET_NAME = ZXChart;
			};
			name = Release;
		};
/* End XCBuildConfiguration section */

/* Begin XCConfigurationList section */
		DC7F54001FBC2246005D0961 /* Build configuration list for PBXProject "ZXChart" */ = {
			isa = XCConfigurationList;
			buildConfigurations = (
				DC7F54201FBC2247005D0961 /* Debug */,
				DC7F54211FBC2247005D0961 /* Release */,
			);
			defaultConfigurationIsVisible = 0;
			defaultConfigurationName = Release;
		};
		DC7F54221FBC2247005D0961 /* Build configuration list for PBXNativeTarget "ZXChart" */ = {
			isa = XCConfigurationList;
			buildConfigurations = (
				DC7F54231FBC2247005D0961 /* Debug */,
				DC7F54241FBC2247005D0961 /* Release */,
			);
			defaultConfigurationIsVisible = 0;
			defaultConfigurationName = Release;
		};
		DC7F54251FBC2247005D0961 /* Build configuration list for PBXNativeTarget "ZXChartUITests" */ = {
			isa = XCConfigurationList;
			buildConfigurations = (
				DC7F54261FBC2247005D0961 /* Debug */,
				DC7F54271FBC2247005D0961 /* Release */,
			);
			defaultConfigurationIsVisible = 0;
			defaultConfigurationName = Release;
		};
/* End XCConfigurationList section */
	};
	rootObject = DC7F53FD1FBC2246005D0961 /* Project object */;
}
